
Microsoft Visual Studio Solution File, Format Version 12.00
# Visual Studio Version 17
VisualStudioVersion = 17.7.34018.315
MinimumVisualStudioVersion = 10.0.40219.1
Project("{FAE04EC0-301F-11D3-BF4B-00C04F79EFBC}") = "S13_RRHH", "S13_RRHH\S13_RRHH.csproj", "{97C8E483-0ECF-4461-AC5E-72D423A114A2}"
EndProject
Project("{FAE04EC0-301F-11D3-BF4B-00C04F79EFBC}") = "ClassLibrary1", "ClassLibrary1\ClassLibrary1.csproj", "{C755381E-6DAA-473C-9461-C0324A90DC4F}"
EndProject
Project("{FAE04EC0-301F-11D3-BF4B-00C04F79EFBC}") = "ClassLibrary2", "ClassLibrary2\ClassLibrary2.csproj", "{D466A911-2039-4B36-95D0-07D6C6EEB903}"
EndProject
Project("{FAE04EC0-301F-11D3-BF4B-00C04F79EFBC}") = "ClassLibrary3", "ClassLibrary3\ClassLibrary3.csproj", "{CDBC484C-8F54-4891-AB6B-39EF941DC4E3}"
EndProject
Project("{FAE04EC0-301F-11D3-BF4B-00C04F79EFBC}") = "ClassLibrary4", "ClassLibrary4\ClassLibrary4.csproj", "{9358AC0B-2A0E-49DA-AA9F-B766B99C4117}"
EndProject
Project("{2150E333-8FDC-42A3-9474-1A3956D46DE8}") = "00.Entities", "00.Entities", "{3E399E7F-1741-4676-9EDB-5652D50C46DC}"
EndProject
Project("{2150E333-8FDC-42A3-9474-1A3956D46DE8}") = "01.DataAcces", "01.DataAcces", "{0BAC18A9-B3AD-496D-8790-AFA2D41B5955}"
EndProject
Project("{2150E333-8FDC-42A3-9474-1A3956D46DE8}") = "02.BusinessLogic", "02.BusinessLogic", "{F03A5E42-F5AB-4A2E-8655-2751AF1A60DF}"
EndProject
Project("{2150E333-8FDC-42A3-9474-1A3956D46DE8}") = "03.Presentacion", "03.Presentacion", "{B7F5B443-3A6E-47BA-A133-0FC17F85C1B1}"
EndProject
Global
	GlobalSection(SolutionConfigurationPlatforms) = preSolution
		Debug|Any CPU = Debug|Any CPU
		Release|Any CPU = Release|Any CPU
	EndGlobalSection
	GlobalSection(ProjectConfigurationPlatforms) = postSolution
		{97C8E483-0ECF-4461-AC5E-72D423A114A2}.Debug|Any CPU.ActiveCfg = Debug|Any CPU
		{97C8E483-0ECF-4461-AC5E-72D423A114A2}.Debug|Any CPU.Build.0 = Debug|Any CPU
		{97C8E483-0ECF-4461-AC5E-72D423A114A2}.Release|Any CPU.ActiveCfg = Release|Any CPU
		{97C8E483-0ECF-4461-AC5E-72D423A114A2}.Release|Any CPU.Build.0 = Release|Any CPU
		{C755381E-6DAA-473C-9461-C0324A90DC4F}.Debug|Any CPU.ActiveCfg = Debug|Any CPU
		{C755381E-6DAA-473C-9461-C0324A90DC4F}.Debug|Any CPU.Build.0 = Debug|Any CPU
		{C755381E-6DAA-473C-9461-C0324A90DC4F}.Release|Any CPU.ActiveCfg = Release|Any CPU
		{C755381E-6DAA-473C-9461-C0324A90DC4F}.Release|Any CPU.Build.0 = Release|Any CPU
		{D466A911-2039-4B36-95D0-07D6C6EEB903}.Debug|Any CPU.ActiveCfg = Debug|Any CPU
		{D466A911-2039-4B36-95D0-07D6C6EEB903}.Debug|Any CPU.Build.0 = Debug|Any CPU
		{D466A911-2039-4B36-95D0-07D6C6EEB903}.Release|Any CPU.ActiveCfg = Release|Any CPU
		{D466A911-2039-4B36-95D0-07D6C6EEB903}.Release|Any CPU.Build.0 = Release|Any CPU
		{CDBC484C-8F54-4891-AB6B-39EF941DC4E3}.Debug|Any CPU.ActiveCfg = Debug|Any CPU
		{CDBC484C-8F54-4891-AB6B-39EF941DC4E3}.Debug|Any CPU.Build.0 = Debug|Any CPU
		{CDBC484C-8F54-4891-AB6B-39EF941DC4E3}.Release|Any CPU.ActiveCfg = Release|Any CPU
		{CDBC484C-8F54-4891-AB6B-39EF941DC4E3}.Release|Any CPU.Build.0 = Release|Any CPU
		{9358AC0B-2A0E-49DA-AA9F-B766B99C4117}.Debug|Any CPU.ActiveCfg = Debug|Any CPU
		{9358AC0B-2A0E-49DA-AA9F-B766B99C4117}.Debug|Any CPU.Build.0 = Debug|Any CPU
		{9358AC0B-2A0E-49DA-AA9F-B766B99C4117}.Release|Any CPU.ActiveCfg = Release|Any CPU
		{9358AC0B-2A0E-49DA-AA9F-B766B99C4117}.Release|Any CPU.Build.0 = Release|Any CPU
	EndGlobalSection
	GlobalSection(SolutionProperties) = preSolution
		HideSolutionNode = FALSE
	EndGlobalSection
	GlobalSection(NestedProjects) = preSolution
		{97C8E483-0ECF-4461-AC5E-72D423A114A2} = {B7F5B443-3A6E-47BA-A133-0FC17F85C1B1}
		{C755381E-6DAA-473C-9461-C0324A90DC4F} = {3E399E7F-1741-4676-9EDB-5652D50C46DC}
		{D466A911-2039-4B36-95D0-07D6C6EEB903} = {3E399E7F-1741-4676-9EDB-5652D50C46DC}
		{CDBC484C-8F54-4891-AB6B-39EF941DC4E3} = {0BAC18A9-B3AD-496D-8790-AFA2D41B5955}
		{9358AC0B-2A0E-49DA-AA9F-B766B99C4117} = {F03A5E42-F5AB-4A2E-8655-2751AF1A60DF}
	EndGlobalSection
	GlobalSection(ExtensibilityGlobals) = postSolution
		SolutionGuid = {400E3515-8D70-46DF-B751-1972FD0BE951}
	EndGlobalSection
EndGlobal
